
Microsoft Visual Studio Solution File, Format Version 12.00
# Visual Studio 15
Project("{FAE04EC0-301F-11D3-BF4B-00C04F79EFBC}") = "iOSWebView.Android", "iOSWebView.Android\iOSWebView.Android.csproj", "{F490FCF3-F70E-48F5-84BD-FD2524A364F6}"
EndProject
Project("{FAE04EC0-301F-11D3-BF4B-00C04F79EFBC}") = "iOSWebView.iOS", "iOSWebView.iOS\iOSWebView.iOS.csproj", "{5B9C8990-F6DE-48EA-8E9D-610CC2500F58}"
EndProject
Project("{FAE04EC0-301F-11D3-BF4B-00C04F79EFBC}") = "iOSWebView", "iOSWebView\iOSWebView.csproj", "{7072569F-C745-4A3A-AB54-EA9C4C535E4D}"
EndProject
Global
	GlobalSection(SolutionConfigurationPlatforms) = preSolution
		Debug|Any CPU = Debug|Any CPU
		Release|Any CPU = Release|Any CPU
		Debug|iPhoneSimulator = Debug|iPhoneSimulator
		Release|iPhoneSimulator = Release|iPhoneSimulator
		Debug|iPhone = Debug|iPhone
		Release|iPhone = Release|iPhone
	EndGlobalSection
	GlobalSection(ProjectConfigurationPlatforms) = postSolution
		{F490FCF3-F70E-48F5-84BD-FD2524A364F6}.Debug|Any CPU.ActiveCfg = Debug|Any CPU
		{F490FCF3-F70E-48F5-84BD-FD2524A364F6}.Debug|Any CPU.Build.0 = Debug|Any CPU
		{F490FCF3-F70E-48F5-84BD-FD2524A364F6}.Release|Any CPU.ActiveCfg = Release|Any CPU
		{F490FCF3-F70E-48F5-84BD-FD2524A364F6}.Release|Any CPU.Build.0 = Release|Any CPU
		{F490FCF3-F70E-48F5-84BD-FD2524A364F6}.Debug|iPhoneSimulator.ActiveCfg = Debug|Any CPU
		{F490FCF3-F70E-48F5-84BD-FD2524A364F6}.Debug|iPhoneSimulator.Build.0 = Debug|Any CPU
		{F490FCF3-F70E-48F5-84BD-FD2524A364F6}.Release|iPhoneSimulator.ActiveCfg = Release|Any CPU
		{F490FCF3-F70E-48F5-84BD-FD2524A364F6}.Release|iPhoneSimulator.Build.0 = Release|Any CPU
		{F490FCF3-F70E-48F5-84BD-FD2524A364F6}.Debug|iPhone.ActiveCfg = Debug|Any CPU
		{F490FCF3-F70E-48F5-84BD-FD2524A364F6}.Debug|iPhone.Build.0 = Debug|Any CPU
		{F490FCF3-F70E-48F5-84BD-FD2524A364F6}.Release|iPhone.ActiveCfg = Release|Any CPU
		{F490FCF3-F70E-48F5-84BD-FD2524A364F6}.Release|iPhone.Build.0 = Release|Any CPU
		{5B9C8990-F6DE-48EA-8E9D-610CC2500F58}.Debug|Any CPU.ActiveCfg = Debug|iPhoneSimulator
		{5B9C8990-F6DE-48EA-8E9D-610CC2500F58}.Debug|Any CPU.Build.0 = Debug|iPhoneSimulator
		{5B9C8990-F6DE-48EA-8E9D-610CC2500F58}.Release|Any CPU.ActiveCfg = Release|iPhoneSimulator
		{5B9C8990-F6DE-48EA-8E9D-610CC2500F58}.Release|Any CPU.Build.0 = Release|iPhoneSimulator
		{5B9C8990-F6DE-48EA-8E9D-610CC2500F58}.Debug|iPhoneSimulator.ActiveCfg = Debug|iPhoneSimulator
		{5B9C8990-F6DE-48EA-8E9D-610CC2500F58}.Debug|iPhoneSimulator.Build.0 = Debug|iPhoneSimulator
		{5B9C8990-F6DE-48EA-8E9D-610CC2500F58}.Release|iPhoneSimulator.ActiveCfg = Release|iPhoneSimulator
		{5B9C8990-F6DE-48EA-8E9D-610CC2500F58}.Release|iPhoneSimulator.Build.0 = Release|iPhoneSimulator
		{5B9C8990-F6DE-48EA-8E9D-610CC2500F58}.Debug|iPhone.ActiveCfg = Debug|iPhone
		{5B9C8990-F6DE-48EA-8E9D-610CC2500F58}.Debug|iPhone.Build.0 = Debug|iPhone
		{5B9C8990-F6DE-48EA-8E9D-610CC2500F58}.Release|iPhone.ActiveCfg = Release|iPhone
		{5B9C8990-F6DE-48EA-8E9D-610CC2500F58}.Release|iPhone.Build.0 = Release|iPhone
		{7072569F-C745-4A3A-AB54-EA9C4C535E4D}.Debug|Any CPU.ActiveCfg = Debug|Any CPU
		{7072569F-C745-4A3A-AB54-EA9C4C535E4D}.Debug|Any CPU.Build.0 = Debug|Any CPU
		{7072569F-C745-4A3A-AB54-EA9C4C535E4D}.Release|Any CPU.ActiveCfg = Release|Any CPU
		{7072569F-C745-4A3A-AB54-EA9C4C535E4D}.Release|Any CPU.Build.0 = Release|Any CPU
		{7072569F-C745-4A3A-AB54-EA9C4C535E4D}.Debug|iPhoneSimulator.ActiveCfg = Debug|Any CPU
		{7072569F-C745-4A3A-AB54-EA9C4C535E4D}.Debug|iPhoneSimulator.Build.0 = Debug|Any CPU
		{7072569F-C745-4A3A-AB54-EA9C4C535E4D}.Release|iPhoneSimulator.ActiveCfg = Release|Any CPU
		{7072569F-C745-4A3A-AB54-EA9C4C535E4D}.Release|iPhoneSimulator.Build.0 = Release|Any CPU
		{7072569F-C745-4A3A-AB54-EA9C4C535E4D}.Debug|iPhone.ActiveCfg = Debug|Any CPU
		{7072569F-C745-4A3A-AB54-EA9C4C535E4D}.Debug|iPhone.Build.0 = Debug|Any CPU
		{7072569F-C745-4A3A-AB54-EA9C4C535E4D}.Release|iPhone.ActiveCfg = Release|Any CPU
		{7072569F-C745-4A3A-AB54-EA9C4C535E4D}.Release|iPhone.Build.0 = Release|Any CPU
	EndGlobalSection
EndGlobal
